
Microsoft Visual Studio Solution File, Format Version 12.00
# Visual Studio Version 17
VisualStudioVersion = 17.0.32014.148
MinimumVisualStudioVersion = 10.0.40219.1
Project("{FAE04EC0-301F-11D3-BF4B-00C04F79EFBC}") = "HelloWorld-CSharp", "HelloWorld-CSharp.csproj", "{7681D77E-6BFB-407A-AFEE-CF2FE950CFCA}"
EndProject
Global
	GlobalSection(SolutionConfigurationPlatforms) = preSolution
		Debug|Any CPU = Debug|Any CPU
		Release|Any CPU = Release|Any CPU
	EndGlobalSection
	GlobalSection(ProjectConfigurationPlatforms) = postSolution
		{7681D77E-6BFB-407A-AFEE-CF2FE950CFCA}.Debug|Any CPU.ActiveCfg = Debug|Any CPU
		{7681D77E-6BFB-407A-AFEE-CF2FE950CFCA}.Debug|Any CPU.Build.0 = Debug|Any CPU
		{7681D77E-6BFB-407A-AFEE-CF2FE950CFCA}.Release|Any CPU.ActiveCfg = Release|Any CPU
		{7681D77E-6BFB-407A-AFEE-CF2FE950CFCA}.Release|Any CPU.Build.0 = Release|Any CPU
	EndGlobalSection
	GlobalSection(SolutionProperties) = preSolution
		HideSolutionNode = FALSE
	EndGlobalSection
	GlobalSection(ExtensibilityGlobals) = postSolution
		SolutionGuid = {B2BCE23B-7213-4EC5-89CE-ACF3D698F1CD}
	EndGlobalSection
EndGlobal
